// !$*UTF8*$!
{
	archiveVersion = 1;
	classes = {
	};
	objectVersion = 46;
	objects = {

/* Begin PBXBuildFile section */
		491FFEFD1EE8711A00DC2386 /* DrawerCoordinatorController.swift in Sources */ = {isa = PBXBuildFile; fileRef = 491FFEFB1EE8711A00DC2386 /* DrawerCoordinatorController.swift */; };
		491FFF121EE8715E00DC2386 /* CustomView.swift in Sources */ = {isa = PBXBuildFile; fileRef = 491FFF0B1EE8715E00DC2386 /* CustomView.swift */; };
		491FFF131EE8715E00DC2386 /* DrawerMenu.swift in Sources */ = {isa = PBXBuildFile; fileRef = 491FFF0C1EE8715E00DC2386 /* DrawerMenu.swift */; };
		491FFF141EE8715E00DC2386 /* DrawerMenu.xib in Resources */ = {isa = PBXBuildFile; fileRef = 491FFF0D1EE8715E00DC2386 /* DrawerMenu.xib */; };
		491FFF151EE8715E00DC2386 /* Main.storyboard in Resources */ = {isa = PBXBuildFile; fileRef = 491FFF0E1EE8715E00DC2386 /* Main.storyboard */; };
		491FFF201EEED1E200DC2386 /* TestController.swift in Sources */ = {isa = PBXBuildFile; fileRef = 491FFF1F1EEED1E200DC2386 /* TestController.swift */; };
		491FFF221EEED1FD00DC2386 /* Test.storyboard in Resources */ = {isa = PBXBuildFile; fileRef = 491FFF211EEED1FD00DC2386 /* Test.storyboard */; };
		491FFF281EEF2F6200DC2386 /* AccountMenuItem.swift in Sources */ = {isa = PBXBuildFile; fileRef = 491FFF261EEF2F6200DC2386 /* AccountMenuItem.swift */; };
		491FFF291EEF2F6200DC2386 /* AccountMenuItem.xib in Resources */ = {isa = PBXBuildFile; fileRef = 491FFF271EEF2F6200DC2386 /* AccountMenuItem.xib */; };
		491FFF2B1EEF2FD200DC2386 /* MenuItem.swift in Sources */ = {isa = PBXBuildFile; fileRef = 491FFF2A1EEF2FD100DC2386 /* MenuItem.swift */; };
		491FFF311EEF357600DC2386 /* AccountController.swift in Sources */ = {isa = PBXBuildFile; fileRef = 491FFF2F1EEF357600DC2386 /* AccountController.swift */; };
		491FFF321EEF357600DC2386 /* MobilityController.swift in Sources */ = {isa = PBXBuildFile; fileRef = 491FFF301EEF357600DC2386 /* MobilityController.swift */; };
		491FFF341EEF358C00DC2386 /* HomeSolutionsController.swift in Sources */ = {isa = PBXBuildFile; fileRef = 491FFF331EEF358C00DC2386 /* HomeSolutionsController.swift */; };
		491FFF391EF0571200DC2386 /* Style.swift in Sources */ = {isa = PBXBuildFile; fileRef = 491FFF381EF0571200DC2386 /* Style.swift */; };
		491FFF3B1EF0572900DC2386 /* ButtonStyle.swift in Sources */ = {isa = PBXBuildFile; fileRef = 491FFF3A1EF0572900DC2386 /* ButtonStyle.swift */; };
		49473DFA1EE5EB0000E0A8B1 /* AppDelegate.swift in Sources */ = {isa = PBXBuildFile; fileRef = 49473DF91EE5EB0000E0A8B1 /* AppDelegate.swift */; };
		49473E011EE5EB0000E0A8B1 /* Assets.xcassets in Resources */ = {isa = PBXBuildFile; fileRef = 49473E001EE5EB0000E0A8B1 /* Assets.xcassets */; };
		49473E041EE5EB0000E0A8B1 /* LaunchScreen.storyboard in Resources */ = {isa = PBXBuildFile; fileRef = 49473E021EE5EB0000E0A8B1 /* LaunchScreen.storyboard */; };
		49FD3DC71EFDADD200C4CBA7 /* ListController.swift in Sources */ = {isa = PBXBuildFile; fileRef = 49FD3DC61EFDADD200C4CBA7 /* ListController.swift */; };
		49FD3DC91EFDADFF00C4CBA7 /* ListItem.swift in Sources */ = {isa = PBXBuildFile; fileRef = 49FD3DC81EFDADFF00C4CBA7 /* ListItem.swift */; };
		49FD3DCB1EFDAEA200C4CBA7 /* ListItemCell.swift in Sources */ = {isa = PBXBuildFile; fileRef = 49FD3DCA1EFDAEA200C4CBA7 /* ListItemCell.swift */; };
		49FD3DCD1F01757000C4CBA7 /* TestListController.swift in Sources */ = {isa = PBXBuildFile; fileRef = 49FD3DCC1F01757000C4CBA7 /* TestListController.swift */; };
		49FD3DCF1F0175FF00C4CBA7 /* TestListItem.swift in Sources */ = {isa = PBXBuildFile; fileRef = 49FD3DCE1F0175FF00C4CBA7 /* TestListItem.swift */; };
		49FD3DD11F01761B00C4CBA7 /* TestListItemCell.swift in Sources */ = {isa = PBXBuildFile; fileRef = 49FD3DD01F01761B00C4CBA7 /* TestListItemCell.swift */; };
		A5F37959F4DFDA96496BCBE2 /* Pods_DrawerSample.framework in Frameworks */ = {isa = PBXBuildFile; fileRef = BA1F5AE7AD589B4E440D1E2E /* Pods_DrawerSample.framework */; };
/* End PBXBuildFile section */

/* Begin PBXFileReference section */
		3EE66BEC864D67C9A8775528 /* Pods-DrawerSample.release.xcconfig */ = {isa = PBXFileReference; includeInIndex = 1; lastKnownFileType = text.xcconfig; name = "Pods-DrawerSample.release.xcconfig"; path = "Pods/Target Support Files/Pods-DrawerSample/Pods-DrawerSample.release.xcconfig"; sourceTree = "<group>"; };
		491FFEFB1EE8711A00DC2386 /* DrawerCoordinatorController.swift */ = {isa = PBXFileReference; fileEncoding = 4; lastKnownFileType = sourcecode.swift; path = DrawerCoordinatorController.swift; sourceTree = "<group>"; };
		491FFF0B1EE8715E00DC2386 /* CustomView.swift */ = {isa = PBXFileReference; fileEncoding = 4; lastKnownFileType = sourcecode.swift; path = CustomView.swift; sourceTree = "<group>"; };
		491FFF0C1EE8715E00DC2386 /* DrawerMenu.swift */ = {isa = PBXFileReference; fileEncoding = 4; lastKnownFileType = sourcecode.swift; path = DrawerMenu.swift; sourceTree = "<group>"; };
		491FFF0D1EE8715E00DC2386 /* DrawerMenu.xib */ = {isa = PBXFileReference; fileEncoding = 4; lastKnownFileType = file.xib; path = DrawerMenu.xib; sourceTree = "<group>"; };
		491FFF0E1EE8715E00DC2386 /* Main.storyboard */ = {isa = PBXFileReference; fileEncoding = 4; lastKnownFileType = file.storyboard; path = Main.storyboard; sourceTree = "<group>"; };
		491FFF1F1EEED1E200DC2386 /* TestController.swift */ = {isa = PBXFileReference; fileEncoding = 4; lastKnownFileType = sourcecode.swift; path = TestController.swift; sourceTree = "<group>"; };
		491FFF211EEED1FD00DC2386 /* Test.storyboard */ = {isa = PBXFileReference; fileEncoding = 4; lastKnownFileType = file.storyboard; path = Test.storyboard; sourceTree = "<group>"; };
		491FFF261EEF2F6200DC2386 /* AccountMenuItem.swift */ = {isa = PBXFileReference; fileEncoding = 4; lastKnownFileType = sourcecode.swift; path = AccountMenuItem.swift; sourceTree = "<group>"; };
		491FFF271EEF2F6200DC2386 /* AccountMenuItem.xib */ = {isa = PBXFileReference; fileEncoding = 4; lastKnownFileType = file.xib; path = AccountMenuItem.xib; sourceTree = "<group>"; };
		491FFF2A1EEF2FD100DC2386 /* MenuItem.swift */ = {isa = PBXFileReference; fileEncoding = 4; lastKnownFileType = sourcecode.swift; path = MenuItem.swift; sourceTree = "<group>"; };
		491FFF2F1EEF357600DC2386 /* AccountController.swift */ = {isa = PBXFileReference; fileEncoding = 4; lastKnownFileType = sourcecode.swift; path = AccountController.swift; sourceTree = "<group>"; };
		491FFF301EEF357600DC2386 /* MobilityController.swift */ = {isa = PBXFileReference; fileEncoding = 4; lastKnownFileType = sourcecode.swift; path = MobilityController.swift; sourceTree = "<group>"; };
		491FFF331EEF358C00DC2386 /* HomeSolutionsController.swift */ = {isa = PBXFileReference; fileEncoding = 4; lastKnownFileType = sourcecode.swift; path = HomeSolutionsController.swift; sourceTree = "<group>"; };
		491FFF381EF0571200DC2386 /* Style.swift */ = {isa = PBXFileReference; fileEncoding = 4; lastKnownFileType = sourcecode.swift; path = Style.swift; sourceTree = "<group>"; };
		491FFF3A1EF0572900DC2386 /* ButtonStyle.swift */ = {isa = PBXFileReference; fileEncoding = 4; lastKnownFileType = sourcecode.swift; path = ButtonStyle.swift; sourceTree = "<group>"; };
		49473DF61EE5EB0000E0A8B1 /* DrawerSample.app */ = {isa = PBXFileReference; explicitFileType = wrapper.application; includeInIndex = 0; path = DrawerSample.app; sourceTree = BUILT_PRODUCTS_DIR; };
		49473DF91EE5EB0000E0A8B1 /* AppDelegate.swift */ = {isa = PBXFileReference; lastKnownFileType = sourcecode.swift; path = AppDelegate.swift; sourceTree = "<group>"; };
		49473E001EE5EB0000E0A8B1 /* Assets.xcassets */ = {isa = PBXFileReference; lastKnownFileType = folder.assetcatalog; path = Assets.xcassets; sourceTree = "<group>"; };
		49473E031EE5EB0000E0A8B1 /* Base */ = {isa = PBXFileReference; lastKnownFileType = file.storyboard; name = Base; path = Base.lproj/LaunchScreen.storyboard; sourceTree = "<group>"; };
		49473E051EE5EB0000E0A8B1 /* Info.plist */ = {isa = PBXFileReference; lastKnownFileType = text.plist.xml; path = Info.plist; sourceTree = "<group>"; };
		49FD3DC61EFDADD200C4CBA7 /* ListController.swift */ = {isa = PBXFileReference; fileEncoding = 4; lastKnownFileType = sourcecode.swift; path = ListController.swift; sourceTree = "<group>"; };
		49FD3DC81EFDADFF00C4CBA7 /* ListItem.swift */ = {isa = PBXFileReference; fileEncoding = 4; lastKnownFileType = sourcecode.swift; path = ListItem.swift; sourceTree = "<group>"; };
		49FD3DCA1EFDAEA200C4CBA7 /* ListItemCell.swift */ = {isa = PBXFileReference; fileEncoding = 4; lastKnownFileType = sourcecode.swift; path = ListItemCell.swift; sourceTree = "<group>"; };
		49FD3DCC1F01757000C4CBA7 /* TestListController.swift */ = {isa = PBXFileReference; fileEncoding = 4; lastKnownFileType = sourcecode.swift; path = TestListController.swift; sourceTree = "<group>"; };
		49FD3DCE1F0175FF00C4CBA7 /* TestListItem.swift */ = {isa = PBXFileReference; fileEncoding = 4; lastKnownFileType = sourcecode.swift; path = TestListItem.swift; sourceTree = "<group>"; };
		49FD3DD01F01761B00C4CBA7 /* TestListItemCell.swift */ = {isa = PBXFileReference; fileEncoding = 4; lastKnownFileType = sourcecode.swift; path = TestListItemCell.swift; sourceTree = "<group>"; };
		BA1F5AE7AD589B4E440D1E2E /* Pods_DrawerSample.framework */ = {isa = PBXFileReference; explicitFileType = wrapper.framework; includeInIndex = 0; path = Pods_DrawerSample.framework; sourceTree = BUILT_PRODUCTS_DIR; };
		F97BE03B9F9A97E1C9CFE803 /* Pods-DrawerSample.debug.xcconfig */ = {isa = PBXFileReference; includeInIndex = 1; lastKnownFileType = text.xcconfig; name = "Pods-DrawerSample.debug.xcconfig"; path = "Pods/Target Support Files/Pods-DrawerSample/Pods-DrawerSample.debug.xcconfig"; sourceTree = "<group>"; };
/* End PBXFileReference section */

/* Begin PBXFrameworksBuildPhase section */
		49473DF31EE5EB0000E0A8B1 /* Frameworks */ = {
			isa = PBXFrameworksBuildPhase;
			buildActionMask = 2147483647;
			files = (
				A5F37959F4DFDA96496BCBE2 /* Pods_DrawerSample.framework in Frameworks */,
			);
			runOnlyForDeploymentPostprocessing = 0;
		};
/* End PBXFrameworksBuildPhase section */

/* Begin PBXGroup section */
		491FFEF91EE8711A00DC2386 /* Controllers */ = {
			isa = PBXGroup;
			children = (
				491FFEFB1EE8711A00DC2386 /* DrawerCoordinatorController.swift */,
				491FFF1F1EEED1E200DC2386 /* TestController.swift */,
				49FD3DCC1F01757000C4CBA7 /* TestListController.swift */,
				49FD3DCE1F0175FF00C4CBA7 /* TestListItem.swift */,
				49FD3DD01F01761B00C4CBA7 /* TestListItemCell.swift */,
				491FFF2E1EEF357600DC2386 /* Account */,
				49FD3DC51EFDADD200C4CBA7 /* List */,
			);
			path = Controllers;
			sourceTree = "<group>";
		};
		491FFF091EE8715E00DC2386 /* Views */ = {
			isa = PBXGroup;
			children = (
				491FFF0B1EE8715E00DC2386 /* CustomView.swift */,
				491FFF0C1EE8715E00DC2386 /* DrawerMenu.swift */,
				491FFF0D1EE8715E00DC2386 /* DrawerMenu.xib */,
				491FFF0E1EE8715E00DC2386 /* Main.storyboard */,
				491FFF211EEED1FD00DC2386 /* Test.storyboard */,
				491FFF251EEF2F6200DC2386 /* MenuItem */,
			);
			path = Views;
			sourceTree = "<group>";
		};
		491FFF251EEF2F6200DC2386 /* MenuItem */ = {
			isa = PBXGroup;
			children = (
				491FFF261EEF2F6200DC2386 /* AccountMenuItem.swift */,
				491FFF271EEF2F6200DC2386 /* AccountMenuItem.xib */,
				491FFF2A1EEF2FD100DC2386 /* MenuItem.swift */,
			);
			path = MenuItem;
			sourceTree = "<group>";
		};
		491FFF2E1EEF357600DC2386 /* Account */ = {
			isa = PBXGroup;
			children = (
				491FFF2F1EEF357600DC2386 /* AccountController.swift */,
				491FFF301EEF357600DC2386 /* MobilityController.swift */,
				491FFF331EEF358C00DC2386 /* HomeSolutionsController.swift */,
			);
			path = Account;
			sourceTree = "<group>";
		};
		491FFF371EF0571200DC2386 /* Styles */ = {
			isa = PBXGroup;
			children = (
				491FFF381EF0571200DC2386 /* Style.swift */,
				491FFF3A1EF0572900DC2386 /* ButtonStyle.swift */,
			);
			path = Styles;
			sourceTree = "<group>";
		};
		49473DED1EE5EB0000E0A8B1 = {
			isa = PBXGroup;
			children = (
				49473DF81EE5EB0000E0A8B1 /* DrawerSample */,
				49473DF71EE5EB0000E0A8B1 /* Products */,
				94A4D6FAE379F233D4C4A8C1 /* Pods */,
				B7829D1EA875CFEBE1B4152C /* Frameworks */,
			);
			sourceTree = "<group>";
		};
		49473DF71EE5EB0000E0A8B1 /* Products */ = {
			isa = PBXGroup;
			children = (
				49473DF61EE5EB0000E0A8B1 /* DrawerSample.app */,
			);
			name = Products;
			sourceTree = "<group>";
		};
		49473DF81EE5EB0000E0A8B1 /* DrawerSample */ = {
			isa = PBXGroup;
			children = (
				49473DF91EE5EB0000E0A8B1 /* AppDelegate.swift */,
				49473E001EE5EB0000E0A8B1 /* Assets.xcassets */,
				49473E021EE5EB0000E0A8B1 /* LaunchScreen.storyboard */,
				49473E051EE5EB0000E0A8B1 /* Info.plist */,
				491FFEF91EE8711A00DC2386 /* Controllers */,
				491FFF091EE8715E00DC2386 /* Views */,
				491FFF371EF0571200DC2386 /* Styles */,
			);
			path = DrawerSample;
			sourceTree = "<group>";
		};
		49FD3DC51EFDADD200C4CBA7 /* List */ = {
			isa = PBXGroup;
			children = (
				49FD3DC61EFDADD200C4CBA7 /* ListController.swift */,
				49FD3DC81EFDADFF00C4CBA7 /* ListItem.swift */,
				49FD3DCA1EFDAEA200C4CBA7 /* ListItemCell.swift */,
			);
			path = List;
			sourceTree = "<group>";
		};
		94A4D6FAE379F233D4C4A8C1 /* Pods */ = {
			isa = PBXGroup;
			children = (
				F97BE03B9F9A97E1C9CFE803 /* Pods-DrawerSample.debug.xcconfig */,
				3EE66BEC864D67C9A8775528 /* Pods-DrawerSample.release.xcconfig */,
			);
			name = Pods;
			sourceTree = "<group>";
		};
		B7829D1EA875CFEBE1B4152C /* Frameworks */ = {
			isa = PBXGroup;
			children = (
				BA1F5AE7AD589B4E440D1E2E /* Pods_DrawerSample.framework */,
			);
			name = Frameworks;
			sourceTree = "<group>";
		};
/* End PBXGroup section */

/* Begin PBXNativeTarget section */
		49473DF51EE5EB0000E0A8B1 /* DrawerSample */ = {
			isa = PBXNativeTarget;
			buildConfigurationList = 49473E081EE5EB0000E0A8B1 /* Build configuration list for PBXNativeTarget "DrawerSample" */;
			buildPhases = (
				E953DEEE6BEFD7ABF61EE679 /* [CP] Check Pods Manifest.lock */,
				49473DF21EE5EB0000E0A8B1 /* Sources */,
				49473DF31EE5EB0000E0A8B1 /* Frameworks */,
				49473DF41EE5EB0000E0A8B1 /* Resources */,
				491FFF3C1EF0731E00DC2386 /* ShellScript */,
				40E234AF9DEBC3530DE9A960 /* [CP] Embed Pods Frameworks */,
				DC4BB548D279CCBAC4E21088 /* [CP] Copy Pods Resources */,
			);
			buildRules = (
			);
			dependencies = (
			);
			name = DrawerSample;
			productName = DrawerSample;
			productReference = 49473DF61EE5EB0000E0A8B1 /* DrawerSample.app */;
			productType = "com.apple.product-type.application";
		};
/* End PBXNativeTarget section */

/* Begin PBXProject section */
		49473DEE1EE5EB0000E0A8B1 /* Project object */ = {
			isa = PBXProject;
			attributes = {
				LastSwiftUpdateCheck = 0820;
				LastUpgradeCheck = 0820;
				ORGANIZATIONNAME = "Nascent Digital";
				TargetAttributes = {
					49473DF51EE5EB0000E0A8B1 = {
						CreatedOnToolsVersion = 8.2.1;
						DevelopmentTeam = 9SNZ8X3UFW;
						ProvisioningStyle = Automatic;
					};
				};
			};
			buildConfigurationList = 49473DF11EE5EB0000E0A8B1 /* Build configuration list for PBXProject "DrawerSample" */;
			compatibilityVersion = "Xcode 3.2";
			developmentRegion = English;
			hasScannedForEncodings = 0;
			knownRegions = (
				en,
				Base,
			);
			mainGroup = 49473DED1EE5EB0000E0A8B1;
			productRefGroup = 49473DF71EE5EB0000E0A8B1 /* Products */;
			projectDirPath = "";
			projectRoot = "";
			targets = (
				49473DF51EE5EB0000E0A8B1 /* DrawerSample */,
			);
		};
/* End PBXProject section */

/* Begin PBXResourcesBuildPhase section */
		49473DF41EE5EB0000E0A8B1 /* Resources */ = {
			isa = PBXResourcesBuildPhase;
			buildActionMask = 2147483647;
			files = (
				49473E041EE5EB0000E0A8B1 /* LaunchScreen.storyboard in Resources */,
				491FFF151EE8715E00DC2386 /* Main.storyboard in Resources */,
				491FFF141EE8715E00DC2386 /* DrawerMenu.xib in Resources */,
				491FFF291EEF2F6200DC2386 /* AccountMenuItem.xib in Resources */,
				491FFF221EEED1FD00DC2386 /* Test.storyboard in Resources */,
				49473E011EE5EB0000E0A8B1 /* Assets.xcassets in Resources */,
			);
			runOnlyForDeploymentPostprocessing = 0;
		};
/* End PBXResourcesBuildPhase section */

/* Begin PBXShellScriptBuildPhase section */
		40E234AF9DEBC3530DE9A960 /* [CP] Embed Pods Frameworks */ = {
			isa = PBXShellScriptBuildPhase;
			buildActionMask = 2147483647;
			files = (
			);
			inputPaths = (
			);
			name = "[CP] Embed Pods Frameworks";
			outputPaths = (
			);
			runOnlyForDeploymentPostprocessing = 0;
			shellPath = /bin/sh;
			shellScript = "\"${SRCROOT}/Pods/Target Support Files/Pods-DrawerSample/Pods-DrawerSample-frameworks.sh\"\n";
			showEnvVarsInLog = 0;
		};
		491FFF3C1EF0731E00DC2386 /* ShellScript */ = {
			isa = PBXShellScriptBuildPhase;
			buildActionMask = 2147483647;
			files = (
			);
			inputPaths = (
			);
			outputPaths = (
			);
			runOnlyForDeploymentPostprocessing = 0;
			shellPath = /bin/sh;
			shellScript = "${SRCROOT}/iOS-style-parser/run.sh";
		};
		DC4BB548D279CCBAC4E21088 /* [CP] Copy Pods Resources */ = {
			isa = PBXShellScriptBuildPhase;
			buildActionMask = 2147483647;
			files = (
			);
			inputPaths = (
			);
			name = "[CP] Copy Pods Resources";
			outputPaths = (
			);
			runOnlyForDeploymentPostprocessing = 0;
			shellPath = /bin/sh;
			shellScript = "\"${SRCROOT}/Pods/Target Support Files/Pods-DrawerSample/Pods-DrawerSample-resources.sh\"\n";
			showEnvVarsInLog = 0;
		};
		E953DEEE6BEFD7ABF61EE679 /* [CP] Check Pods Manifest.lock */ = {
			isa = PBXShellScriptBuildPhase;
			buildActionMask = 2147483647;
			files = (
			);
			inputPaths = (
			);
			name = "[CP] Check Pods Manifest.lock";
			outputPaths = (
			);
			runOnlyForDeploymentPostprocessing = 0;
			shellPath = /bin/sh;
			shellScript = "diff \"${PODS_PODFILE_DIR_PATH}/Podfile.lock\" \"${PODS_ROOT}/Manifest.lock\" > /dev/null\nif [ $? != 0 ] ; then\n    # print error to STDERR\n    echo \"error: The sandbox is not in sync with the Podfile.lock. Run 'pod install' or update your CocoaPods installation.\" >&2\n    exit 1\nfi\n";
			showEnvVarsInLog = 0;
		};
/* End PBXShellScriptBuildPhase section */

/* Begin PBXSourcesBuildPhase section */
		49473DF21EE5EB0000E0A8B1 /* Sources */ = {
			isa = PBXSourcesBuildPhase;
			buildActionMask = 2147483647;
			files = (
				491FFF281EEF2F6200DC2386 /* AccountMenuItem.swift in Sources */,
				491FFF341EEF358C00DC2386 /* HomeSolutionsController.swift in Sources */,
				49473DFA1EE5EB0000E0A8B1 /* AppDelegate.swift in Sources */,
				49FD3DCD1F01757000C4CBA7 /* TestListController.swift in Sources */,
				491FFF131EE8715E00DC2386 /* DrawerMenu.swift in Sources */,
				491FFF121EE8715E00DC2386 /* CustomView.swift in Sources */,
				491FFF201EEED1E200DC2386 /* TestController.swift in Sources */,
				491FFEFD1EE8711A00DC2386 /* DrawerCoordinatorController.swift in Sources */,
				491FFF391EF0571200DC2386 /* Style.swift in Sources */,
				49FD3DCF1F0175FF00C4CBA7 /* TestListItem.swift in Sources */,
				49FD3DD11F01761B00C4CBA7 /* TestListItemCell.swift in Sources */,
				49FD3DC91EFDADFF00C4CBA7 /* ListItem.swift in Sources */,
				491FFF311EEF357600DC2386 /* AccountController.swift in Sources */,
				491FFF3B1EF0572900DC2386 /* ButtonStyle.swift in Sources */,
				491FFF2B1EEF2FD200DC2386 /* MenuItem.swift in Sources */,
				491FFF321EEF357600DC2386 /* MobilityController.swift in Sources */,
				49FD3DC71EFDADD200C4CBA7 /* ListController.swift in Sources */,
				49FD3DCB1EFDAEA200C4CBA7 /* ListItemCell.swift in Sources */,
			);
			runOnlyForDeploymentPostprocessing = 0;
		};
/* End PBXSourcesBuildPhase section */

/* Begin PBXVariantGroup section */
		49473E021EE5EB0000E0A8B1 /* LaunchScreen.storyboard */ = {
			isa = PBXVariantGroup;
			children = (
				49473E031EE5EB0000E0A8B1 /* Base */,
			);
			name = LaunchScreen.storyboard;
			sourceTree = "<group>";
		};
/* End PBXVariantGroup section */

/* Begin XCBuildConfiguration section */
		49473E061EE5EB0000E0A8B1 /* Debug */ = {
			isa = XCBuildConfiguration;
			buildSettings = {
				ALWAYS_SEARCH_USER_PATHS = NO;
				CLANG_ANALYZER_NONNULL = YES;
				CLANG_CXX_LANGUAGE_STANDARD = "gnu++0x";
				CLANG_CXX_LIBRARY = "libc++";
				CLANG_ENABLE_MODULES = YES;
				CLANG_ENABLE_OBJC_ARC = YES;
				CLANG_WARN_BOOL_CONVERSION = YES;
				CLANG_WARN_CONSTANT_CONVERSION = YES;
				CLANG_WARN_DIRECT_OBJC_ISA_USAGE = YES_ERROR;
				CLANG_WARN_DOCUMENTATION_COMMENTS = YES;
				CLANG_WARN_EMPTY_BODY = YES;
				CLANG_WARN_ENUM_CONVERSION = YES;
				CLANG_WARN_INFINITE_RECURSION = YES;
				CLANG_WARN_INT_CONVERSION = YES;
				CLANG_WARN_OBJC_ROOT_CLASS = YES_ERROR;
				CLANG_WARN_SUSPICIOUS_MOVE = YES;
				CLANG_WARN_UNREACHABLE_CODE = YES;
				CLANG_WARN__DUPLICATE_METHOD_MATCH = YES;
				"CODE_SIGN_IDENTITY[sdk=iphoneos*]" = "iPhone Developer";
				COPY_PHASE_STRIP = NO;
				DEBUG_INFORMATION_FORMAT = dwarf;
				ENABLE_STRICT_OBJC_MSGSEND = YES;
				ENABLE_TESTABILITY = YES;
				GCC_C_LANGUAGE_STANDARD = gnu99;
				GCC_DYNAMIC_NO_PIC = NO;
				GCC_NO_COMMON_BLOCKS = YES;
				GCC_OPTIMIZATION_LEVEL = 0;
				GCC_PREPROCESSOR_DEFINITIONS = (
					"DEBUG=1",
					"$(inherited)",
				);
				GCC_WARN_64_TO_32_BIT_CONVERSION = YES;
				GCC_WARN_ABOUT_RETURN_TYPE = YES_ERROR;
				GCC_WARN_UNDECLARED_SELECTOR = YES;
				GCC_WARN_UNINITIALIZED_AUTOS = YES_AGGRESSIVE;
				GCC_WARN_UNUSED_FUNCTION = YES;
				GCC_WARN_UNUSED_VARIABLE = YES;
				IPHONEOS_DEPLOYMENT_TARGET = 10.2;
				MTL_ENABLE_DEBUG_INFO = YES;
				ONLY_ACTIVE_ARCH = YES;
				SDKROOT = iphoneos;
				SWIFT_ACTIVE_COMPILATION_CONDITIONS = DEBUG;
				SWIFT_OPTIMIZATION_LEVEL = "-Onone";
				TARGETED_DEVICE_FAMILY = "1,2";
			};
			name = Debug;
		};
		49473E071EE5EB0000E0A8B1 /* Release */ = {
			isa = XCBuildConfiguration;
			buildSettings = {
				ALWAYS_SEARCH_USER_PATHS = NO;
				CLANG_ANALYZER_NONNULL = YES;
				CLANG_CXX_LANGUAGE_STANDARD = "gnu++0x";
				CLANG_CXX_LIBRARY = "libc++";
				CLANG_ENABLE_MODULES = YES;
				CLANG_ENABLE_OBJC_ARC = YES;
				CLANG_WARN_BOOL_CONVERSION = YES;
				CLANG_WARN_CONSTANT_CONVERSION = YES;
				CLANG_WARN_DIRECT_OBJC_ISA_USAGE = YES_ERROR;
				CLANG_WARN_DOCUMENTATION_COMMENTS = YES;
				CLANG_WARN_EMPTY_BODY = YES;
				CLANG_WARN_ENUM_CONVERSION = YES;
				CLANG_WARN_INFINITE_RECURSION = YES;
				CLANG_WARN_INT_CONVERSION = YES;
				CLANG_WARN_OBJC_ROOT_CLASS = YES_ERROR;
				CLANG_WARN_SUSPICIOUS_MOVE = YES;
				CLANG_WARN_UNREACHABLE_CODE = YES;
				CLANG_WARN__DUPLICATE_METHOD_MATCH = YES;
				"CODE_SIGN_IDENTITY[sdk=iphoneos*]" = "iPhone Developer";
				COPY_PHASE_STRIP = NO;
				DEBUG_INFORMATION_FORMAT = "dwarf-with-dsym";
				ENABLE_NS_ASSERTIONS = NO;
				ENABLE_STRICT_OBJC_MSGSEND = YES;
				GCC_C_LANGUAGE_STANDARD = gnu99;
				GCC_NO_COMMON_BLOCKS = YES;
				GCC_WARN_64_TO_32_BIT_CONVERSION = YES;
				GCC_WARN_ABOUT_RETURN_TYPE = YES_ERROR;
				GCC_WARN_UNDECLARED_SELECTOR = YES;
				GCC_WARN_UNINITIALIZED_AUTOS = YES_AGGRESSIVE;
				GCC_WARN_UNUSED_FUNCTION = YES;
				GCC_WARN_UNUSED_VARIABLE = YES;
				IPHONEOS_DEPLOYMENT_TARGET = 10.2;
				MTL_ENABLE_DEBUG_INFO = NO;
				SDKROOT = iphoneos;
				SWIFT_OPTIMIZATION_LEVEL = "-Owholemodule";
				TARGETED_DEVICE_FAMILY = "1,2";
				VALIDATE_PRODUCT = YES;
			};
			name = Release;
		};
		49473E091EE5EB0000E0A8B1 /* Debug */ = {
			isa = XCBuildConfiguration;
			baseConfigurationReference = F97BE03B9F9A97E1C9CFE803 /* Pods-DrawerSample.debug.xcconfig */;
			buildSettings = {
				ASSETCATALOG_COMPILER_APPICON_NAME = AppIcon;
				DEVELOPMENT_TEAM = 9SNZ8X3UFW;
				INFOPLIST_FILE = DrawerSample/Info.plist;
				LD_RUNPATH_SEARCH_PATHS = "$(inherited) @executable_path/Frameworks";
				PRODUCT_BUNDLE_IDENTIFIER = com.nascentdigital.DrawerSample;
				PRODUCT_NAME = "$(TARGET_NAME)";
				SWIFT_VERSION = 3.0;
			};
			name = Debug;
		};
		49473E0A1EE5EB0000E0A8B1 /* Release */ = {
			isa = XCBuildConfiguration;
			baseConfigurationReference = 3EE66BEC864D67C9A8775528 /* Pods-DrawerSample.release.xcconfig */;
			buildSettings = {
				ASSETCATALOG_COMPILER_APPICON_NAME = AppIcon;
				DEVELOPMENT_TEAM = 9SNZ8X3UFW;
				INFOPLIST_FILE = DrawerSample/Info.plist;
				LD_RUNPATH_SEARCH_PATHS = "$(inherited) @executable_path/Frameworks";
				PRODUCT_BUNDLE_IDENTIFIER = com.nascentdigital.DrawerSample;
				PRODUCT_NAME = "$(TARGET_NAME)";
				SWIFT_VERSION = 3.0;
			};
			name = Release;
		};
/* End XCBuildConfiguration section */

/* Begin XCConfigurationList section */
		49473DF11EE5EB0000E0A8B1 /* Build configuration list for PBXProject "DrawerSample" */ = {
			isa = XCConfigurationList;
			buildConfigurations = (
				49473E061EE5EB0000E0A8B1 /* Debug */,
				49473E071EE5EB0000E0A8B1 /* Release */,
			);
			defaultConfigurationIsVisible = 0;
			defaultConfigurationName = Release;
		};
		49473E081EE5EB0000E0A8B1 /* Build configuration list for PBXNativeTarget "DrawerSample" */ = {
			isa = XCConfigurationList;
			buildConfigurations = (
				49473E091EE5EB0000E0A8B1 /* Debug */,
				49473E0A1EE5EB0000E0A8B1 /* Release */,
			);
			defaultConfigurationIsVisible = 0;
			defaultConfigurationName = Release;
		};
/* End XCConfigurationList section */
	};
	rootObject = 49473DEE1EE5EB0000E0A8B1 /* Project object */;
}
